
Microsoft Visual Studio Solution File, Format Version 12.00
# Visual Studio Version 17
VisualStudioVersion = 17.0.31912.275
MinimumVisualStudioVersion = 10.0.40219.1
Project("{FAE04EC0-301F-11D3-BF4B-00C04F79EFBC}") = "Logical Programming", "Logical Programming.csproj", "{7E865FB9-5B3B-454C-805A-01F4C9899D9D}"
EndProject
Global
	GlobalSection(SolutionConfigurationPlatforms) = preSolution
		Debug|Any CPU = Debug|Any CPU
		Release|Any CPU = Release|Any CPU
	EndGlobalSection
	GlobalSection(ProjectConfigurationPlatforms) = postSolution
		{7E865FB9-5B3B-454C-805A-01F4C9899D9D}.Debug|Any CPU.ActiveCfg = Debug|Any CPU
		{7E865FB9-5B3B-454C-805A-01F4C9899D9D}.Debug|Any CPU.Build.0 = Debug|Any CPU
		{7E865FB9-5B3B-454C-805A-01F4C9899D9D}.Release|Any CPU.ActiveCfg = Release|Any CPU
		{7E865FB9-5B3B-454C-805A-01F4C9899D9D}.Release|Any CPU.Build.0 = Release|Any CPU
	EndGlobalSection
	GlobalSection(SolutionProperties) = preSolution
		HideSolutionNode = FALSE
	EndGlobalSection
	GlobalSection(ExtensibilityGlobals) = postSolution
		SolutionGuid = {6224AC7A-1ABD-40E5-BC60-6D805CBD5EDA}
	EndGlobalSection
EndGlobal
